// !$*UTF8*$!
{
	archiveVersion = 1;
	classes = {
	};
	objectVersion = 46;
	objects = {

/* Begin PBXBuildFile section */
		897B695919ADC54D003D21DA /* AppDelegate.swift in Sources */ = {isa = PBXBuildFile; fileRef = 897B695819ADC54D003D21DA /* AppDelegate.swift */; };
		897B695B19ADC54D003D21DA /* ViewController.swift in Sources */ = {isa = PBXBuildFile; fileRef = 897B695A19ADC54D003D21DA /* ViewController.swift */; };
		897B695E19ADC54D003D21DA /* Main.storyboard in Resources */ = {isa = PBXBuildFile; fileRef = 897B695C19ADC54D003D21DA /* Main.storyboard */; };
		897B696019ADC54D003D21DA /* Images.xcassets in Resources */ = {isa = PBXBuildFile; fileRef = 897B695F19ADC54D003D21DA /* Images.xcassets */; };
		897B696C19ADC54D003D21DA /* TemperatureConverterTests.swift in Sources */ = {isa = PBXBuildFile; fileRef = 897B696B19ADC54D003D21DA /* TemperatureConverterTests.swift */; };
/* End PBXBuildFile section */

/* Begin PBXContainerItemProxy section */
		897B696619ADC54D003D21DA /* PBXContainerItemProxy */ = {
			isa = PBXContainerItemProxy;
			containerPortal = 897B694B19ADC54D003D21DA /* Project object */;
			proxyType = 1;
			remoteGlobalIDString = 897B695219ADC54D003D21DA;
			remoteInfo = TemperatureConverter;
		};
/* End PBXContainerItemProxy section */

/* Begin PBXFileReference section */
		897B695319ADC54D003D21DA /* TemperatureConverter.app */ = {isa = PBXFileReference; explicitFileType = wrapper.application; includeInIndex = 0; path = TemperatureConverter.app; sourceTree = BUILT_PRODUCTS_DIR; };
		897B695719ADC54D003D21DA /* Info.plist */ = {isa = PBXFileReference; lastKnownFileType = text.plist.xml; path = Info.plist; sourceTree = "<group>"; };
		897B695819ADC54D003D21DA /* AppDelegate.swift */ = {isa = PBXFileReference; lastKnownFileType = sourcecode.swift; path = AppDelegate.swift; sourceTree = "<group>"; };
		897B695A19ADC54D003D21DA /* ViewController.swift */ = {isa = PBXFileReference; lastKnownFileType = sourcecode.swift; path = ViewController.swift; sourceTree = "<group>"; };
		897B695D19ADC54D003D21DA /* Base */ = {isa = PBXFileReference; lastKnownFileType = file.storyboard; name = Base; path = Base.lproj/Main.storyboard; sourceTree = "<group>"; };
		897B695F19ADC54D003D21DA /* Images.xcassets */ = {isa = PBXFileReference; lastKnownFileType = folder.assetcatalog; path = Images.xcassets; sourceTree = "<group>"; };
		897B696519ADC54D003D21DA /* TemperatureConverterTests.xctest */ = {isa = PBXFileReference; explicitFileType = wrapper.cfbundle; includeInIndex = 0; path = TemperatureConverterTests.xctest; sourceTree = BUILT_PRODUCTS_DIR; };
		897B696A19ADC54D003D21DA /* Info.plist */ = {isa = PBXFileReference; lastKnownFileType = text.plist.xml; path = Info.plist; sourceTree = "<group>"; };
		897B696B19ADC54D003D21DA /* TemperatureConverterTests.swift */ = {isa = PBXFileReference; lastKnownFileType = sourcecode.swift; path = TemperatureConverterTests.swift; sourceTree = "<group>"; };
/* End PBXFileReference section */

/* Begin PBXFrameworksBuildPhase section */
		897B695019ADC54D003D21DA /* Frameworks */ = {
			isa = PBXFrameworksBuildPhase;
			buildActionMask = 2147483647;
			files = (
			);
			runOnlyForDeploymentPostprocessing = 0;
		};
		897B696219ADC54D003D21DA /* Frameworks */ = {
			isa = PBXFrameworksBuildPhase;
			buildActionMask = 2147483647;
			files = (
			);
			runOnlyForDeploymentPostprocessing = 0;
		};
/* End PBXFrameworksBuildPhase section */

/* Begin PBXGroup section */
		897B694A19ADC54D003D21DA = {
			isa = PBXGroup;
			children = (
				897B695519ADC54D003D21DA /* TemperatureConverter */,
				897B696819ADC54D003D21DA /* TemperatureConverterTests */,
				897B695419ADC54D003D21DA /* Products */,
			);
			sourceTree = "<group>";
		};
		897B695419ADC54D003D21DA /* Products */ = {
			isa = PBXGroup;
			children = (
				897B695319ADC54D003D21DA /* TemperatureConverter.app */,
				897B696519ADC54D003D21DA /* TemperatureConverterTests.xctest */,
			);
			name = Products;
			sourceTree = "<group>";
		};
		897B695519ADC54D003D21DA /* TemperatureConverter */ = {
			isa = PBXGroup;
			children = (
				897B695819ADC54D003D21DA /* AppDelegate.swift */,
				897B695A19ADC54D003D21DA /* ViewController.swift */,
				897B695C19ADC54D003D21DA /* Main.storyboard */,
				897B695F19ADC54D003D21DA /* Images.xcassets */,
				897B695619ADC54D003D21DA /* Supporting Files */,
			);
			path = TemperatureConverter;
			sourceTree = "<group>";
		};
		897B695619ADC54D003D21DA /* Supporting Files */ = {
			isa = PBXGroup;
			children = (
				897B695719ADC54D003D21DA /* Info.plist */,
			);
			name = "Supporting Files";
			sourceTree = "<group>";
		};
		897B696819ADC54D003D21DA /* TemperatureConverterTests */ = {
			isa = PBXGroup;
			children = (
				897B696B19ADC54D003D21DA /* TemperatureConverterTests.swift */,
				897B696919ADC54D003D21DA /* Supporting Files */,
			);
			path = TemperatureConverterTests;
			sourceTree = "<group>";
		};
		897B696919ADC54D003D21DA /* Supporting Files */ = {
			isa = PBXGroup;
			children = (
				897B696A19ADC54D003D21DA /* Info.plist */,
			);
			name = "Supporting Files";
			sourceTree = "<group>";
		};
/* End PBXGroup section */

/* Begin PBXNativeTarget section */
		897B695219ADC54D003D21DA /* TemperatureConverter */ = {
			isa = PBXNativeTarget;
			buildConfigurationList = 897B696F19ADC54D003D21DA /* Build configuration list for PBXNativeTarget "TemperatureConverter" */;
			buildPhases = (
				897B694F19ADC54D003D21DA /* Sources */,
				897B695019ADC54D003D21DA /* Frameworks */,
				897B695119ADC54D003D21DA /* Resources */,
			);
			buildRules = (
			);
			dependencies = (
			);
			name = TemperatureConverter;
			productName = TemperatureConverter;
			productReference = 897B695319ADC54D003D21DA /* TemperatureConverter.app */;
			productType = "com.apple.product-type.application";
		};
		897B696419ADC54D003D21DA /* TemperatureConverterTests */ = {
			isa = PBXNativeTarget;
			buildConfigurationList = 897B697219ADC54D003D21DA /* Build configuration list for PBXNativeTarget "TemperatureConverterTests" */;
			buildPhases = (
				897B696119ADC54D003D21DA /* Sources */,
				897B696219ADC54D003D21DA /* Frameworks */,
				897B696319ADC54D003D21DA /* Resources */,
			);
			buildRules = (
			);
			dependencies = (
				897B696719ADC54D003D21DA /* PBXTargetDependency */,
			);
			name = TemperatureConverterTests;
			productName = TemperatureConverterTests;
			productReference = 897B696519ADC54D003D21DA /* TemperatureConverterTests.xctest */;
			productType = "com.apple.product-type.bundle.unit-test";
		};
/* End PBXNativeTarget section */

/* Begin PBXProject section */
		897B694B19ADC54D003D21DA /* Project object */ = {
			isa = PBXProject;
			attributes = {
				LastUpgradeCheck = 0600;
				ORGANIZATIONNAME = "Howard Yeh";
				TargetAttributes = {
					897B695219ADC54D003D21DA = {
						CreatedOnToolsVersion = 6.0;
					};
					897B696419ADC54D003D21DA = {
						CreatedOnToolsVersion = 6.0;
						TestTargetID = 897B695219ADC54D003D21DA;
					};
				};
			};
			buildConfigurationList = 897B694E19ADC54D003D21DA /* Build configuration list for PBXProject "TemperatureConverter" */;
			compatibilityVersion = "Xcode 3.2";
			developmentRegion = English;
			hasScannedForEncodings = 0;
			knownRegions = (
				en,
				Base,
			);
			mainGroup = 897B694A19ADC54D003D21DA;
			productRefGroup = 897B695419ADC54D003D21DA /* Products */;
			projectDirPath = "";
			projectRoot = "";
			targets = (
				897B695219ADC54D003D21DA /* TemperatureConverter */,
				897B696419ADC54D003D21DA /* TemperatureConverterTests */,
			);
		};
/* End PBXProject section */

/* Begin PBXResourcesBuildPhase section */
		897B695119ADC54D003D21DA /* Resources */ = {
			isa = PBXResourcesBuildPhase;
			buildActionMask = 2147483647;
			files = (
				897B695E19ADC54D003D21DA /* Main.storyboard in Resources */,
				897B696019ADC54D003D21DA /* Images.xcassets in Resources */,
			);
			runOnlyForDeploymentPostprocessing = 0;
		};
		897B696319ADC54D003D21DA /* Resources */ = {
			isa = PBXResourcesBuildPhase;
			buildActionMask = 2147483647;
			files = (
			);
			runOnlyForDeploymentPostprocessing = 0;
		};
/* End PBXResourcesBuildPhase section */

/* Begin PBXSourcesBuildPhase section */
		897B694F19ADC54D003D21DA /* Sources */ = {
			isa = PBXSourcesBuildPhase;
			buildActionMask = 2147483647;
			files = (
				897B695B19ADC54D003D21DA /* ViewController.swift in Sources */,
				897B695919ADC54D003D21DA /* AppDelegate.swift in Sources */,
			);
			runOnlyForDeploymentPostprocessing = 0;
		};
		897B696119ADC54D003D21DA /* Sources */ = {
			isa = PBXSourcesBuildPhase;
			buildActionMask = 2147483647;
			files = (
				897B696C19ADC54D003D21DA /* TemperatureConverterTests.swift in Sources */,
			);
			runOnlyForDeploymentPostprocessing = 0;
		};
/* End PBXSourcesBuildPhase section */

/* Begin PBXTargetDependency section */
		897B696719ADC54D003D21DA /* PBXTargetDependency */ = {
			isa = PBXTargetDependency;
			target = 897B695219ADC54D003D21DA /* TemperatureConverter */;
			targetProxy = 897B696619ADC54D003D21DA /* PBXContainerItemProxy */;
		};
/* End PBXTargetDependency section */

/* Begin PBXVariantGroup section */
		897B695C19ADC54D003D21DA /* Main.storyboard */ = {
			isa = PBXVariantGroup;
			children = (
				897B695D19ADC54D003D21DA /* Base */,
			);
			name = Main.storyboard;
			sourceTree = "<group>";
		};
/* End PBXVariantGroup section */

/* Begin XCBuildConfiguration section */
		897B696D19ADC54D003D21DA /* Debug */ = {
			isa = XCBuildConfiguration;
			buildSettings = {
				ALWAYS_SEARCH_USER_PATHS = NO;
				CLANG_CXX_LANGUAGE_STANDARD = "gnu++0x";
				CLANG_CXX_LIBRARY = "libc++";
				CLANG_ENABLE_MODULES = YES;
				CLANG_ENABLE_OBJC_ARC = YES;
				CLANG_WARN_BOOL_CONVERSION = YES;
				CLANG_WARN_CONSTANT_CONVERSION = YES;
				CLANG_WARN_DIRECT_OBJC_ISA_USAGE = YES_ERROR;
				CLANG_WARN_EMPTY_BODY = YES;
				CLANG_WARN_ENUM_CONVERSION = YES;
				CLANG_WARN_INT_CONVERSION = YES;
				CLANG_WARN_OBJC_ROOT_CLASS = YES_ERROR;
				CLANG_WARN_UNREACHABLE_CODE = YES;
				CLANG_WARN__DUPLICATE_METHOD_MATCH = YES;
				"CODE_SIGN_IDENTITY[sdk=iphoneos*]" = "iPhone Developer";
				COPY_PHASE_STRIP = NO;
				ENABLE_STRICT_OBJC_MSGSEND = YES;
				GCC_C_LANGUAGE_STANDARD = gnu99;
				GCC_DYNAMIC_NO_PIC = NO;
				GCC_OPTIMIZATION_LEVEL = 0;
				GCC_PREPROCESSOR_DEFINITIONS = (
					"DEBUG=1",
					"$(inherited)",
				);
				GCC_SYMBOLS_PRIVATE_EXTERN = NO;
				GCC_WARN_64_TO_32_BIT_CONVERSION = YES;
				GCC_WARN_ABOUT_RETURN_TYPE = YES_ERROR;
				GCC_WARN_UNDECLARED_SELECTOR = YES;
				GCC_WARN_UNINITIALIZED_AUTOS = YES_AGGRESSIVE;
				GCC_WARN_UNUSED_FUNCTION = YES;
				GCC_WARN_UNUSED_VARIABLE = YES;
				IPHONEOS_DEPLOYMENT_TARGET = 8.0;
				MTL_ENABLE_DEBUG_INFO = YES;
				ONLY_ACTIVE_ARCH = YES;
				SDKROOT = iphoneos;
				SWIFT_OPTIMIZATION_LEVEL = "-Onone";
			};
			name = Debug;
		};
		897B696E19ADC54D003D21DA /* Release */ = {
			isa = XCBuildConfiguration;
			buildSettings = {
				ALWAYS_SEARCH_USER_PATHS = NO;
				CLANG_CXX_LANGUAGE_STANDARD = "gnu++0x";
				CLANG_CXX_LIBRARY = "libc++";
				CLANG_ENABLE_MODULES = YES;
				CLANG_ENABLE_OBJC_ARC = YES;
				CLANG_WARN_BOOL_CONVERSION = YES;
				CLANG_WARN_CONSTANT_CONVERSION = YES;
				CLANG_WARN_DIRECT_OBJC_ISA_USAGE = YES_ERROR;
				CLANG_WARN_EMPTY_BODY = YES;
				CLANG_WARN_ENUM_CONVERSION = YES;
				CLANG_WARN_INT_CONVERSION = YES;
				CLANG_WARN_OBJC_ROOT_CLASS = YES_ERROR;
				CLANG_WARN_UNREACHABLE_CODE = YES;
				CLANG_WARN__DUPLICATE_METHOD_MATCH = YES;
				"CODE_SIGN_IDENTITY[sdk=iphoneos*]" = "iPhone Developer";
				COPY_PHASE_STRIP = YES;
				ENABLE_NS_ASSERTIONS = NO;
				ENABLE_STRICT_OBJC_MSGSEND = YES;
				GCC_C_LANGUAGE_STANDARD = gnu99;
				GCC_WARN_64_TO_32_BIT_CONVERSION = YES;
				GCC_WARN_ABOUT_RETURN_TYPE = YES_ERROR;
				GCC_WARN_UNDECLARED_SELECTOR = YES;
				GCC_WARN_UNINITIALIZED_AUTOS = YES_AGGRESSIVE;
				GCC_WARN_UNUSED_FUNCTION = YES;
				GCC_WARN_UNUSED_VARIABLE = YES;
				IPHONEOS_DEPLOYMENT_TARGET = 8.0;
				MTL_ENABLE_DEBUG_INFO = NO;
				SDKROOT = iphoneos;
				VALIDATE_PRODUCT = YES;
			};
			name = Release;
		};
		897B697019ADC54D003D21DA /* Debug */ = {
			isa = XCBuildConfiguration;
			buildSettings = {
				ASSETCATALOG_COMPILER_APPICON_NAME = AppIcon;
				ASSETCATALOG_COMPILER_LAUNCHIMAGE_NAME = LaunchImage;
				INFOPLIST_FILE = TemperatureConverter/Info.plist;
				LD_RUNPATH_SEARCH_PATHS = "$(inherited) @executable_path/Frameworks";
				PRODUCT_NAME = "$(TARGET_NAME)";
			};
			name = Debug;
		};
		897B697119ADC54D003D21DA /* Release */ = {
			isa = XCBuildConfiguration;
			buildSettings = {
				ASSETCATALOG_COMPILER_APPICON_NAME = AppIcon;
				ASSETCATALOG_COMPILER_LAUNCHIMAGE_NAME = LaunchImage;
				INFOPLIST_FILE = TemperatureConverter/Info.plist;
				LD_RUNPATH_SEARCH_PATHS = "$(inherited) @executable_path/Frameworks";
				PRODUCT_NAME = "$(TARGET_NAME)";
			};
			name = Release;
		};
		897B697319ADC54D003D21DA /* Debug */ = {
			isa = XCBuildConfiguration;
			buildSettings = {
				BUNDLE_LOADER = "$(TEST_HOST)";
				FRAMEWORK_SEARCH_PATHS = (
					"$(SDKROOT)/Developer/Library/Frameworks",
					"$(inherited)",
				);
				GCC_PREPROCESSOR_DEFINITIONS = (
					"DEBUG=1",
					"$(inherited)",
				);
				INFOPLIST_FILE = TemperatureConverterTests/Info.plist;
				LD_RUNPATH_SEARCH_PATHS = "$(inherited) @executable_path/Frameworks @loader_path/Frameworks";
				PRODUCT_NAME = "$(TARGET_NAME)";
				TEST_HOST = "$(BUILT_PRODUCTS_DIR)/TemperatureConverter.app/TemperatureConverter";
			};
			name = Debug;
		};
		897B697419ADC54D003D21DA /* Release */ = {
			isa = XCBuildConfiguration;
			buildSettings = {
				BUNDLE_LOADER = "$(TEST_HOST)";
				FRAMEWORK_SEARCH_PATHS = (
					"$(SDKROOT)/Developer/Library/Frameworks",
					"$(inherited)",
				);
				INFOPLIST_FILE = TemperatureConverterTests/Info.plist;
				LD_RUNPATH_SEARCH_PATHS = "$(inherited) @executable_path/Frameworks @loader_path/Frameworks";
				PRODUCT_NAME = "$(TARGET_NAME)";
				TEST_HOST = "$(BUILT_PRODUCTS_DIR)/TemperatureConverter.app/TemperatureConverter";
			};
			name = Release;
		};
/* End XCBuildConfiguration section */

/* Begin XCConfigurationList section */
		897B694E19ADC54D003D21DA /* Build configuration list for PBXProject "TemperatureConverter" */ = {
			isa = XCConfigurationList;
			buildConfigurations = (
				897B696D19ADC54D003D21DA /* Debug */,
				897B696E19ADC54D003D21DA /* Release */,
			);
			defaultConfigurationIsVisible = 0;
			defaultConfigurationName = Release;
		};
		897B696F19ADC54D003D21DA /* Build configuration list for PBXNativeTarget "TemperatureConverter" */ = {
			isa = XCConfigurationList;
			buildConfigurations = (
				897B697019ADC54D003D21DA /* Debug */,
				897B697119ADC54D003D21DA /* Release */,
			);
			defaultConfigurationIsVisible = 0;
		};
		897B697219ADC54D003D21DA /* Build configuration list for PBXNativeTarget "TemperatureConverterTests" */ = {
			isa = XCConfigurationList;
			buildConfigurations = (
				897B697319ADC54D003D21DA /* Debug */,
				897B697419ADC54D003D21DA /* Release */,
			);
			defaultConfigurationIsVisible = 0;
		};
/* End XCConfigurationList section */
	};
	rootObject = 897B694B19ADC54D003D21DA /* Project object */;
}
